
Microsoft Visual Studio Solution File, Format Version 12.00
# Visual Studio 15
VisualStudioVersion = 15.0.28010.2041
MinimumVisualStudioVersion = 10.0.40219.1
Project("{FAE04EC0-301F-11D3-BF4B-00C04F79EFBC}") = "AspnetCoreDocker.Web", "AspnetCoreDocker.Web\AspnetCoreDocker.Web.csproj", "{518F18E4-3A21-409C-9332-EB67E3808293}"
EndProject
Project("{FAE04EC0-301F-11D3-BF4B-00C04F79EFBC}") = "AspnetCoreDocker.Model", "AspnetCoreDocker.Model\AspnetCoreDocker.Model.csproj", "{E20021F8-DAE1-46CE-A8E1-5FCC20FBB8ED}"
EndProject
Project("{FAE04EC0-301F-11D3-BF4B-00C04F79EFBC}") = "AspnetCoreDocker.DataLayer", "AspnetCoreDocker.DataLayer\AspnetCoreDocker.DataLayer.csproj", "{C5CC1ADB-81B7-4BB9-A0A6-A958E3782FB0}"
EndProject
Project("{FAE04EC0-301F-11D3-BF4B-00C04F79EFBC}") = "AspnetCoreDocker.BusinessLayer", "AspnetCoreDocker.BusinessLayer\AspnetCoreDocker.BusinessLayer.csproj", "{3B369B15-AC31-421A-98B9-8B7D4B405FD9}"
EndProject
Project("{FAE04EC0-301F-11D3-BF4B-00C04F79EFBC}") = "AspnetCoreDocker.Api", "AspnetCoreDocker.Api\AspnetCoreDocker.Api.csproj", "{A4FE3529-7EB4-4ACC-B60E-C6A3AD989752}"
EndProject
Project("{FAE04EC0-301F-11D3-BF4B-00C04F79EFBC}") = "AspnetCoreDocker.Api.Test", "AspnetCoreDocker.Api.Test\AspnetCoreDocker.Api.Test.csproj", "{E89E8454-E285-4842-9BAF-CA2F3ED38262}"
EndProject
Project("{FAE04EC0-301F-11D3-BF4B-00C04F79EFBC}") = "AspnetCoreDocker.DataLayer.Test", "AspnetCoreDocker.DataLayer.Test\AspnetCoreDocker.DataLayer.Test.csproj", "{0987D16B-3538-4A31-A019-BF0F3724BE9F}"
EndProject
Project("{FAE04EC0-301F-11D3-BF4B-00C04F79EFBC}") = "AspnetCoreDocker.BusinessLayer.Test", "AspnetCoreDocker.BusinessLayer.Test\AspnetCoreDocker.BusinessLayer.Test.csproj", "{45A1C42D-B921-4EAA-896B-2E22DC818ADF}"
EndProject
Project("{2150E333-8FDC-42A3-9474-1A3956D46DE8}") = "TestProject", "TestProject", "{0D53C527-2C72-4138-ADAD-CBDC0BA1605B}"
EndProject
Global
	GlobalSection(SolutionConfigurationPlatforms) = preSolution
		Debug|Any CPU = Debug|Any CPU
		Release|Any CPU = Release|Any CPU
	EndGlobalSection
	GlobalSection(ProjectConfigurationPlatforms) = postSolution
		{518F18E4-3A21-409C-9332-EB67E3808293}.Debug|Any CPU.ActiveCfg = Debug|Any CPU
		{518F18E4-3A21-409C-9332-EB67E3808293}.Debug|Any CPU.Build.0 = Debug|Any CPU
		{518F18E4-3A21-409C-9332-EB67E3808293}.Release|Any CPU.ActiveCfg = Release|Any CPU
		{518F18E4-3A21-409C-9332-EB67E3808293}.Release|Any CPU.Build.0 = Release|Any CPU
		{E20021F8-DAE1-46CE-A8E1-5FCC20FBB8ED}.Debug|Any CPU.ActiveCfg = Debug|Any CPU
		{E20021F8-DAE1-46CE-A8E1-5FCC20FBB8ED}.Debug|Any CPU.Build.0 = Debug|Any CPU
		{E20021F8-DAE1-46CE-A8E1-5FCC20FBB8ED}.Release|Any CPU.ActiveCfg = Release|Any CPU
		{E20021F8-DAE1-46CE-A8E1-5FCC20FBB8ED}.Release|Any CPU.Build.0 = Release|Any CPU
		{C5CC1ADB-81B7-4BB9-A0A6-A958E3782FB0}.Debug|Any CPU.ActiveCfg = Debug|Any CPU
		{C5CC1ADB-81B7-4BB9-A0A6-A958E3782FB0}.Debug|Any CPU.Build.0 = Debug|Any CPU
		{C5CC1ADB-81B7-4BB9-A0A6-A958E3782FB0}.Release|Any CPU.ActiveCfg = Release|Any CPU
		{C5CC1ADB-81B7-4BB9-A0A6-A958E3782FB0}.Release|Any CPU.Build.0 = Release|Any CPU
		{3B369B15-AC31-421A-98B9-8B7D4B405FD9}.Debug|Any CPU.ActiveCfg = Debug|Any CPU
		{3B369B15-AC31-421A-98B9-8B7D4B405FD9}.Debug|Any CPU.Build.0 = Debug|Any CPU
		{3B369B15-AC31-421A-98B9-8B7D4B405FD9}.Release|Any CPU.ActiveCfg = Release|Any CPU
		{3B369B15-AC31-421A-98B9-8B7D4B405FD9}.Release|Any CPU.Build.0 = Release|Any CPU
		{A4FE3529-7EB4-4ACC-B60E-C6A3AD989752}.Debug|Any CPU.ActiveCfg = Debug|Any CPU
		{A4FE3529-7EB4-4ACC-B60E-C6A3AD989752}.Debug|Any CPU.Build.0 = Debug|Any CPU
		{A4FE3529-7EB4-4ACC-B60E-C6A3AD989752}.Release|Any CPU.ActiveCfg = Release|Any CPU
		{A4FE3529-7EB4-4ACC-B60E-C6A3AD989752}.Release|Any CPU.Build.0 = Release|Any CPU
		{E89E8454-E285-4842-9BAF-CA2F3ED38262}.Debug|Any CPU.ActiveCfg = Debug|Any CPU
		{E89E8454-E285-4842-9BAF-CA2F3ED38262}.Debug|Any CPU.Build.0 = Debug|Any CPU
		{E89E8454-E285-4842-9BAF-CA2F3ED38262}.Release|Any CPU.ActiveCfg = Release|Any CPU
		{E89E8454-E285-4842-9BAF-CA2F3ED38262}.Release|Any CPU.Build.0 = Release|Any CPU
		{0987D16B-3538-4A31-A019-BF0F3724BE9F}.Debug|Any CPU.ActiveCfg = Debug|Any CPU
		{0987D16B-3538-4A31-A019-BF0F3724BE9F}.Debug|Any CPU.Build.0 = Debug|Any CPU
		{0987D16B-3538-4A31-A019-BF0F3724BE9F}.Release|Any CPU.ActiveCfg = Release|Any CPU
		{0987D16B-3538-4A31-A019-BF0F3724BE9F}.Release|Any CPU.Build.0 = Release|Any CPU
		{45A1C42D-B921-4EAA-896B-2E22DC818ADF}.Debug|Any CPU.ActiveCfg = Debug|Any CPU
		{45A1C42D-B921-4EAA-896B-2E22DC818ADF}.Debug|Any CPU.Build.0 = Debug|Any CPU
		{45A1C42D-B921-4EAA-896B-2E22DC818ADF}.Release|Any CPU.ActiveCfg = Release|Any CPU
		{45A1C42D-B921-4EAA-896B-2E22DC818ADF}.Release|Any CPU.Build.0 = Release|Any CPU
	EndGlobalSection
	GlobalSection(SolutionProperties) = preSolution
		HideSolutionNode = FALSE
	EndGlobalSection
	GlobalSection(NestedProjects) = preSolution
		{E89E8454-E285-4842-9BAF-CA2F3ED38262} = {0D53C527-2C72-4138-ADAD-CBDC0BA1605B}
		{0987D16B-3538-4A31-A019-BF0F3724BE9F} = {0D53C527-2C72-4138-ADAD-CBDC0BA1605B}
		{45A1C42D-B921-4EAA-896B-2E22DC818ADF} = {0D53C527-2C72-4138-ADAD-CBDC0BA1605B}
	EndGlobalSection
	GlobalSection(ExtensibilityGlobals) = postSolution
		SolutionGuid = {019321D0-4D68-441A-9CE9-A076ECDC2A6E}
	EndGlobalSection
EndGlobal
